version = 1
revision = 3
requires-python = ">=3.12"

[[package]]
name = "anyio"
version = "4.14.2"
source = { registry = "https://pypi.org/simple" }
dependencies = [
    { name = "idna" },
    { name = "typing-extensions", marker = "python_full_version < '3.13'" },
]
sdist = { url = "https://files.pythonhosted.org/packages/61/cc/a381afa6efea9f496eff839d4a6a1aed3bfafc7b3ab4b0d1b243a12573dd/anyio-4.14.2.tar.gz", hash = "sha256:cfa139f3ed1a23ee8f88a145ddb5ac7605b8bbfd8592baacd7ce3d8bb4313c7f", size = 260176, upload-time = "2026-07-12T20:29:07.082Z" }
wheels = [
    { url = "https://files.pythonhosted.org/packages/da/35/f2287558c17e29fafc8ef3daf819bb9834061cfa43bff8014f7df7f63bdc/anyio-4.14.2-py3-none-any.whl", hash = "sha256:9f505dda5ac9f0c8309b5e8bd445a8c2bf7246f3ce950121e45ea15bc41d1494", size = 125813, upload-time = "2026-07-12T20:29:05.763Z" },
]

[[package]]
name = "certifi"
version = "2026.7.22"
source = { registry = "https://pypi.org/simple" }
sdist = { url = "https://files.pythonhosted.org/packages/a3/c2/24167ea9858356b47a87a50d39908bfdb72ceeefe0041586e704e5376b3a/certifi-2026.7.22.tar.gz", hash = "sha256:741e2c3b351ddf169a738da9f2c048608ff7f2c5cc02f1ebc6b118bb090d5d55", size = 138112, upload-time = "2026-07-22T03:35:12.644Z" }
wheels = [
    { url = "https://files.pythonhosted.org/packages/0b/a7/71ac2cff56fec219ed242bb11b8efb69fcc4bec75db06fb7bfe35de520e6/certifi-2026.7.22-py3-none-any.whl", hash = "sha256:62f22742b58a1a33014a2b6b706588a8d7e2a88ae7bd1a6ebe8c992928483775", size = 136983, upload-time = "2026-07-22T03:35:11.276Z" },
]

[[package]]
name = "colorama"
version = "0.4.6"
source = { registry = "https://pypi.org/simple" }
sdist = { url = "https://files.pythonhosted.org/packages/d8/53/6f443c9a4a8358a93a6792e2acffb9d9d5cb0a5cfd8802644b7b1c9a02e4/colorama-0.4.6.tar.gz", hash = "sha256:08695f5cb7ed6e0531a20572697297273c47b8cae5a63ffc6d6ed5c201be6e44", size = 27697, upload-time = "2022-10-25T02:36:22.414Z" }
wheels = [
    { url = "https://files.pythonhosted.org/packages/d1/d6/3965ed04c63042e047cb6a3e6ed1a63a35087b6a609aa3a15ed8ac56c221/colorama-0.4.6-py2.py3-none-any.whl", hash = "sha256:4f1d9991f5acc0ca119f9d443620b77f9d6b33703e51011c16baf57afb285fc6", size = 25335, upload-time = "2022-10-25T02:36:20.889Z" },
]

[[package]]
name = "h11"
version = "0.16.0"
source = { registry = "https://pypi.org/simple" }
sdist = { url = "https://files.pythonhosted.org/packages/01/ee/02a2c011bdab74c6fb3c75474d40b3052059d95df7e73351460c8588d963/h11-0.16.0.tar.gz", hash = "sha256:4e35b956cf45792e4caa5885e69fba00bdbc6ffafbfa020300e549b208ee5ff1", size = 101250, upload-time = "2025-04-24T03:35:25.427Z" }
wheels = [
    { url = "https://files.pythonhosted.org/packages/04/4b/29cac41a4d98d144bf5f6d33995617b185d14b22401f75ca86f384e87ff1/h11-0.16.0-py3-none-any.whl", hash = "sha256:63cf8bbe7522de3bf65932fda1d9c2772064ffb3dae62d55932da54b31cb6c86", size = 37515, upload-time = "2025-04-24T03:35:24.344Z" },
]

[[package]]
name = "httpcore"
version = "1.0.9"
source = { registry = "https://pypi.org/simple" }
dependencies = [
    { name = "certifi" },
    { name = "h11" },
]
sdist = { url = "https://files.pythonhosted.org/packages/06/94/82699a10bca87a5556c9c59b5963f2d039dbd239f25bc2a63907a05a14cb/httpcore-1.0.9.tar.gz", hash = "sha256:6e34463af53fd2ab5d807f399a9b45ea31c3dfa2276f15a2c3f00afff6e176e8", size = 85484, upload-time = "2025-04-24T22:06:22.219Z" }
wheels = [
    { url = "https://files.pythonhosted.org/packages/7e/f5/f66802a942d491edb555dd61e3a9961140fd64c90bce1eafd741609d334d/httpcore-1.0.9-py3-none-any.whl", hash = "sha256:2d400746a40668fc9dec9810239072b40b4484b640a8c38fd654a024c7a1bf55", size = 78784, upload-time = "2025-04-24T22:06:20.566Z" },
]

[[package]]
name = "httpx"
version = "0.28.1"
source = { registry = "https://pypi.org/simple" }
dependencies = [
    { name = "anyio" },
    { name = "certifi" },
    { name = "httpcore" },
    { name = "idna" },
]
sdist = { url = "https://files.pythonhosted.org/packages/b1/df/48c586a5fe32a0f01324ee087459e112ebb7224f646c0b5023f5e79e9956/httpx-0.28.1.tar.gz", hash = "sha256:75e98c5f16b0f35b567856f597f06ff2270a374470a5c2392242528e3e3e42fc", size = 141406, upload-time = "2024-12-06T15:37:23.222Z" }
wheels = [
    { url = "https://files.pythonhosted.org/packages/2a/39/e50c7c3a983047577ee07d2a9e53faf5a69493943ec3f6a384bdc792deb2/httpx-0.28.1-py3-none-any.whl", hash = "sha256:d909fcccc110f8c7faf814ca82a9a4d816bc5a6dbfea25d6591d6985b8ba59ad", size = 73517, upload-time = "2024-12-06T15:37:21.509Z" },
]

[[package]]
name = "idna"
version = "3.19"
source = { registry = "https://pypi.org/simple" }
sdist = { url = "https://files.pythonhosted.org/packages/5f/f7/abb373e5757eaec4b922b92f97ec8d6d7e057cf06778247604fbc4e7c3f3/idna-3.19.tar.gz", hash = "sha256:5e0811a4383b21dc5838069f801c4fb62113b7447663d2530d2bd6e77b49bf15", size = 215237, upload-time = "2026-08-18T05:14:24.27Z" }
wheels = [
    { url = "https://files.pythonhosted.org/packages/57/b0/0e52c878c53f245edd3a11020f20979b3f490f245af532c7cae3027754b5/idna-3.19-py3-none-any.whl", hash = "sha256:815e7be7a7806d54abb586dc943addc79e8b2ee16915059658cbeff4b1b43bf4", size = 68550, upload-time = "2026-08-18T05:14:22.343Z" },
]

[[package]]
name = "iniconfig"
version = "2.3.0"
source = { registry = "https://pypi.org/simple" }
sdist = { url = "https://files.pythonhosted.org/packages/72/34/14ca021ce8e5dfedc35312d08ba8bf51fdd999c576889fc2c24cb97f4f10/iniconfig-2.3.0.tar.gz", hash = "sha256:c76315c77db068650d49c5b56314774a7804df16fee4402c1f19d6d15d8c4730", size = 20503, upload-time = "2025-10-18T21:55:43.219Z" }
wheels = [
    { url = "https://files.pythonhosted.org/packages/cb/b1/3846dd7f199d53cb17f49cba7e651e9ce294d8497c8c150530ed11865bb8/iniconfig-2.3.0-py3-none-any.whl", hash = "sha256:f631c04d2c48c52b84d0d0549c99ff3859c98df65b3101406327ecc7d53fbf12", size = 7484, upload-time = "2025-10-18T21:55:41.639Z" },
]

[[package]]
name = "packaging"
version = "26.3"
source = { registry = "https://pypi.org/simple" }
sdist = { url = "https://files.pythonhosted.org/packages/7d/fa/3944b40b07da9ce895c0e6303a5ab7d53da063554f534556b134a54d6093/packaging-26.3.tar.gz", hash = "sha256:94edc256424af38762eb31306eed28beb9f0efc50a8837492c9d6fd6004aed79", size = 313412, upload-time = "2026-08-04T18:15:28.737Z" }
wheels = [
    { url = "https://files.pythonhosted.org/packages/63/34/ba1c580383c9eada3711951fef0795c80b829a078d72188184bcab9dd527/packaging-26.3-py3-none-any.whl", hash = "sha256:d7193f7c8e4e93f444fde0262bf90af30e16fa0ad0ad44cb553c87339b23cd1c", size = 129956, upload-time = "2026-08-04T18:15:27.159Z" },
]

[[package]]
name = "papertrail"
version = "0.1.0"
source = { editable = "." }
dependencies = [
    { name = "httpx" },
    { name = "rapidfuzz" },
]

[package.dev-dependencies]
dev = [
    { name = "pytest" },
    { name = "ruff" },
]

[package.metadata]
requires-dist = [
    { name = "httpx", specifier = ">=0.27" },
    { name = "rapidfuzz", specifier = ">=3.14.5" },
]

[package.metadata.requires-dev]
dev = [
    { name = "pytest", specifier = ">=8.0" },
    { name = "ruff", specifier = ">=0.6" },
]

[[package]]
name = "pluggy"
version = "1.6.0"
source = { registry = "https://pypi.org/simple" }
sdist = { url = "https://files.pythonhosted.org/packages/f9/e2/3e91f31a7d2b083fe6ef3fa267035b518369d9511ffab804f839851d2779/pluggy-1.6.0.tar.gz", hash = "sha256:7dcc130b76258d33b90f61b658791dede3486c3e6bfb003ee5c9bfb396dd22f3", size = 69412, upload-time = "2025-05-15T12:30:07.975Z" }
wheels = [
    { url = "https://files.pythonhosted.org/packages/54/20/4d324d65cc6d9205fabedc306948156824eb9f0ee1633355a8f7ec5c66bf/pluggy-1.6.0-py3-none-any.whl", hash = "sha256:e920276dd6813095e9377c0bc5566d94c932c33b27a3e3945d8389c374dd4746", size = 20538, upload-time = "2025-05-15T12:30:06.134Z" },
]

[[package]]
name = "pygments"
version = "2.21.0"
source = { registry = "https://pypi.org/simple" }
sdist = { url = "https://files.pythonhosted.org/packages/49/2e/ced460408999b33da6b31b0021b0f37d329e202d4169aeb164493778f25b/pygments-2.21.0.tar.gz", hash = "sha256:610ca751c9bc2492b38eb9a38a7fbc93edbbb2d7182edaf34e66ae493dee5c8c", size = 5005329, upload-time = "2026-08-17T08:02:48.824Z" }
wheels = [
    { url = "https://files.pythonhosted.org/packages/71/46/17f022dd3e953bf20a04a028a21ec746d942f8d2af30fa0f124fa0e6a684/pygments-2.21.0-py3-none-any.whl", hash = "sha256:2363c69b61c4a97c838da3b130dcd6468f4848992b21a82f2a63ec34377137d9", size = 1250147, upload-time = "2026-08-17T08:02:44.912Z" },
]

[[package]]
name = "pytest"
version = "9.1.1"
source = { registry = "https://pypi.org/simple" }
dependencies = [
    { name = "colorama", marker = "sys_platform == 'win32'" },
    { name = "iniconfig" },
    { name = "packaging" },
    { name = "pluggy" },
    { name = "pygments" },
]
sdist = { url = "https://files.pythonhosted.org/packages/e4/47/b9efed96c114afcfa3c9d3fe98a76a1d14c74a9e266d397cf6eb64be5e01/pytest-9.1.1.tar.gz", hash = "sha256:1088fbde8f2b49d95a549a195707afa7a76a3ce9bcadc26b6d71f0ffda5fe313", size = 1636369, upload-time = "2026-06-19T10:58:32.857Z" }
wheels = [
    { url = "https://files.pythonhosted.org/packages/24/25/1de2678b631f5a49215c6c96fff41ba892b0a34df68d6d80292b1b48aa7f/pytest-9.1.1-py3-none-any.whl", hash = "sha256:37a86b45efb9a47a61a36449063e8e18d0cab3161329fc099eb21783169c4f0c", size = 386536, upload-time = "2026-06-19T10:58:31.347Z" },
]

[[package]]
name = "rapidfuzz"
version = "3.14.5"
source = { registry = "https://pypi.org/simple" }
sdist = { url = "https://files.pythonhosted.org/packages/2c/21/ef6157213316e85790041254259907eb722e00b03480256c0545d98acd33/rapidfuzz-3.14.5.tar.gz", hash = "sha256:ba10ac57884ce82112f7ed910b67e7fb6072d8ef2c06e30dc63c0f604a112e0e", size = 57901753, upload-time = "2026-04-07T11:16:31.931Z" }
wheels = [
    { url = "https://files.pythonhosted.org/packages/d3/e3/574435c6aafb80254c191ef40d7aca2cb2bb97a095ec9395e9fa59ac307a/rapidfuzz-3.14.5-cp312-cp312-macosx_10_13_x86_64.whl", hash = "sha256:0d3378f471ef440473a396ce2f8e97ee12f89a78b495540e0a5617bbfe895638", size = 1944601, upload-time = "2026-04-07T11:14:18.771Z" },
    { url = "https://files.pythonhosted.org/packages/d0/1f/fbad3102a255ecc112ce9a7e779bacab7fd14398217be8868dc9082ba363/rapidfuzz-3.14.5-cp312-cp312-macosx_11_0_arm64.whl", hash = "sha256:1e910eebca9fd0eba245c0555e764597e8a0cccb673a92da2dc2397050725f48", size = 1164293, upload-time = "2026-04-07T11:14:20.534Z" },
    { url = "https://files.pythonhosted.org/packages/88/37/a3eb7ff6121ed3a5f199a8c38cc86c8e481816f879cb0e0b738b078c9a7e/rapidfuzz-3.14.5-cp312-cp312-manylinux_2_26_aarch64.manylinux_2_28_aarch64.whl", hash = "sha256:01550fe5f60fd176aa66b7611289d46dc4aa4b1b904874c7b6d1d54e581c5ec1", size = 1371999, upload-time = "2026-04-07T11:14:22.63Z" },
    { url = "https://files.pythonhosted.org/packages/79/72/97a9728c711c7c1b06e107d3f0623880fb4ef90e147ed13c551a1730e7cc/rapidfuzz-3.14.5-cp312-cp312-manylinux_2_27_x86_64.manylinux_2_28_x86_64.whl", hash = "sha256:48bee0b91bebfaec41e1081e351000659ab7570cc4598d617aa04d5bf827f9e6", size = 3145715, upload-time = "2026-04-07T11:14:24.508Z" },
    { url = "https://files.pythonhosted.org/packages/ed/54/d5caabbea233ac90c286c87c260e49d7641467e87438a18d858e41c82e91/rapidfuzz-3.14.5-cp312-cp312-manylinux_2_39_riscv64.whl", hash = "sha256:7e580cb04ad849ae9b786fa21383c6b994b6e6c1444ad1cb9f22392759d72741", size = 1456304, upload-time = "2026-04-07T11:14:26.515Z" },
    { url = "https://files.pythonhosted.org/packages/fc/a7/2d1a81250ac8c01a0100c026018e76f0e7a097ff63e4c553e02a6938c6fb/rapidfuzz-3.14.5-cp312-cp312-musllinux_1_2_aarch64.whl", hash = "sha256:09d6c9ba091854f07817055d795d604179c12a8f308ba4c7d56f3719dfea1646", size = 2389089, upload-time = "2026-04-07T11:14:28.635Z" },
    { url = "https://files.pythonhosted.org/packages/65/0d/c47c3872203ae88e6506997c0b576ad731f5261daa25d559be09c9756658/rapidfuzz-3.14.5-cp312-cp312-musllinux_1_2_riscv64.whl", hash = "sha256:1e989f86113be66574113b9c7bdf4793f3f863d248e47d911b355e05ca6b6b10", size = 2493404, upload-time = "2026-04-07T11:14:30.577Z" },
    { url = "https://files.pythonhosted.org/packages/8f/2f/71e0a5a3130792146c8a200a2dd1e52aa16f7c1074012e17f2601eea9a90/rapidfuzz-3.14.5-cp312-cp312-musllinux_1_2_x86_64.whl", hash = "sha256:0ebd1a18e2e47bc0b292a07e6ed9c3642f8aaa672d12253885f599b50807a4f9", size = 4251709, upload-time = "2026-04-07T11:14:32.451Z" },
    { url = "https://files.pythonhosted.org/packages/86/45/d39874901abacef325adb5b34ae416817c8486dfb4fb87c7a9b74ec5b072/rapidfuzz-3.14.5-cp312-cp312-win32.whl", hash = "sha256:9981d38a703b86f0e315a3cd229fd1906fe1d91c989ed121fb975b3c849f89f5", size = 1710069, upload-time = "2026-04-07T11:14:34.37Z" },
    { url = "https://files.pythonhosted.org/packages/85/0b/f65572c53de8a1c704bda707f63a447b67bdbe95d7cdc70d18885e191df5/rapidfuzz-3.14.5-cp312-cp312-win_amd64.whl", hash = "sha256:d8375e3da319593389727c3187ccaf3e0e84199accc530866b8e0f2b79af05e9", size = 1540630, upload-time = "2026-04-07T11:14:36.287Z" },
    { url = "https://files.pythonhosted.org/packages/5e/c3/143be3a578f989758cae516f3270d5cbb49783a7bfdf57cc27a670e00456/rapidfuzz-3.14.5-cp312-cp312-win_arm64.whl", hash = "sha256:478b59bb018a6780d73f33e38d0b3ec5e968a6c1ed42876b993dd456b7aa20e8", size = 813137, upload-time = "2026-04-07T11:14:38.289Z" },
    { url = "https://files.pythonhosted.org/packages/11/66/252803f2010ba699618cdc048b6e1f7cc1f433c08b4a9a17579b92ab0142/rapidfuzz-3.14.5-cp313-cp313-macosx_10_13_x86_64.whl", hash = "sha256:ebd8fd343bf8492a1e60bcb6dc99f90f74f65d98d8241a6b3e1fed225b76ecd6", size = 1940205, upload-time = "2026-04-07T11:14:40.319Z" },
    { url = "https://files.pythonhosted.org/packages/ea/59/b2afd98e41af9cd54554a4c1c423d84cdd60e6b1c0a09496f033b55f60ec/rapidfuzz-3.14.5-cp313-cp313-macosx_11_0_arm64.whl", hash = "sha256:6737b35d5af7479c5bf9710f7b17edd9d2c43128d974d25fb4ea653e42c64609", size = 1159639, upload-time = "2026-04-07T11:14:42.52Z" },
    { url = "https://files.pythonhosted.org/packages/a3/31/7aa7e62c4c516a7af322ed0c4f0774208b72d457d0cfec808bad0df12f4a/rapidfuzz-3.14.5-cp313-cp313-manylinux_2_26_aarch64.manylinux_2_28_aarch64.whl", hash = "sha256:b002c7994cc9f2bc9d9856f0fbaee6e8072c983873846c92f25cefba5b2a925f", size = 1367194, upload-time = "2026-04-07T11:14:44.25Z" },
    { url = "https://files.pythonhosted.org/packages/90/79/2fc252a63bc91d3c3b234d0a3a6ad4ebc460037a23cdcdaf9285f986e6c9/rapidfuzz-3.14.5-cp313-cp313-manylinux_2_27_x86_64.manylinux_2_28_x86_64.whl", hash = "sha256:17a34330cd2a538c1ce5d400b61ba358c5b72c654b928ff87b362e88f8b864c7", size = 3151805, upload-time = "2026-04-07T11:14:46.21Z" },
    { url = "https://files.pythonhosted.org/packages/17/54/0c83508f2683ea70e2d05f8527eb07328acf7bb1e9d97a3bece5702378e7/rapidfuzz-3.14.5-cp313-cp313-manylinux_2_39_riscv64.whl", hash = "sha256:95d937e74c1a7a1287dfb03b62a827be08ede10a155cf1af73bbf47f2b73ee6e", size = 1455667, upload-time = "2026-04-07T11:14:47.991Z" },
    { url = "https://files.pythonhosted.org/packages/71/1b/070175e873177814d58850a01ebe80e20ae11e93eb4da894d563988660fa/rapidfuzz-3.14.5-cp313-cp313-musllinux_1_2_aarch64.whl", hash = "sha256:46b92a9970dcc34f0096901c792644094cab49554ac3547f35e3aebbdf0a3610", size = 2388246, upload-time = "2026-04-07T11:14:50.098Z" },
    { url = "https://files.pythonhosted.org/packages/c9/dd/77caf7aaf9c2be050ad1f128d7c24ff0f59079aa62c5f62f9df41c0af45e/rapidfuzz-3.14.5-cp313-cp313-musllinux_1_2_riscv64.whl", hash = "sha256:e012177c8e8a8a0754ae0d6027d63042aa5ff036d9f40f07cb3466a6082e21b8", size = 2494333, upload-time = "2026-04-07T11:14:52.303Z" },
    { url = "https://files.pythonhosted.org/packages/2c/e2/dd7e1f2aa31a8fbbfc16b0610af1d770ffaf1287490f3c8c5b1c52da264f/rapidfuzz-3.14.5-cp313-cp313-musllinux_1_2_x86_64.whl", hash = "sha256:a2ae6f53f99c9a0eca7a0afc5b4e45fc73bc1dd4ac74c00509031d76df80ed98", size = 4258579, upload-time = "2026-04-07T11:14:54.538Z" },
    { url = "https://files.pythonhosted.org/packages/9c/0a/ac99e1ba347ba0e85e0bb60b74231d55fb93c0eff43f2920ccb413d0be08/rapidfuzz-3.14.5-cp313-cp313-win32.whl", hash = "sha256:4a60f0057231188e3bd30216f7b4e0f279b11fa4ec818bb6c1d9f014d1562fbc", size = 1709231, upload-time = "2026-04-07T11:14:56.524Z" },
    { url = "https://files.pythonhosted.org/packages/cf/cb/0e251d731b3166378644238e8f0cf9e89858c024e19f75ca9f7e3ae83fd5/rapidfuzz-3.14.5-cp313-cp313-win_amd64.whl", hash = "sha256:11bfc2ed8fbe4ab86bd516fadefab126f90e6dcadffa761739fcb304707dfd35", size = 1538519, upload-time = "2026-04-07T11:14:58.635Z" },
    { url = "https://files.pythonhosted.org/packages/30/6f/4548132acc947db6d5346a248e44a8b3a22d608ef30e770fb578caaf2d00/rapidfuzz-3.14.5-cp313-cp313-win_arm64.whl", hash = "sha256:b486b5218808f6f4dc471b114b1054e63553db69705c97da0271f47bd706aedd", size = 812628, upload-time = "2026-04-07T11:15:00.552Z" },
    { url = "https://files.pythonhosted.org/packages/00/60/69b177577290c5eab892c6f75fe89c3aff3f9ae80298a78d9372b1cecb9a/rapidfuzz-3.14.5-cp313-cp313t-macosx_10_13_x86_64.whl", hash = "sha256:39ef8658aaf67d51667e7bdaf7096f432333377d8302ac43c70b5df8a4cf89b8", size = 1970231, upload-time = "2026-04-07T11:15:02.603Z" },
    { url = "https://files.pythonhosted.org/packages/48/38/2fd790052659cc4e2907b63c25433f0987864b445c1aeec1a302ef5ad948/rapidfuzz-3.14.5-cp313-cp313t-macosx_11_0_arm64.whl", hash = "sha256:9ad37a0be705b544af6296da8edddc260d10a8ae5462530fc9991f66498bb1f9", size = 1194394, upload-time = "2026-04-07T11:15:04.572Z" },
    { url = "https://files.pythonhosted.org/packages/80/f4/28430ad8472fc3536e8ebd51a864a226e979cfe924c6e3f83d111373aa74/rapidfuzz-3.14.5-cp313-cp313t-manylinux_2_26_aarch64.manylinux_2_28_aarch64.whl", hash = "sha256:d45e06f60729e07d9b20c205f7e5cff90b6ef2584e852eecf46e045aea69627d", size = 1377051, upload-time = "2026-04-07T11:15:06.728Z" },
    { url = "https://files.pythonhosted.org/packages/77/7e/9aeacabcfd1e77397968362e5b98fe14248b8307011136b17daf99752a8e/rapidfuzz-3.14.5-cp313-cp313t-manylinux_2_27_x86_64.manylinux_2_28_x86_64.whl", hash = "sha256:e52da10236aa6212de71b9e170bace65b64b129c0dea7fc243d6c9ce976f5074", size = 3160565, upload-time = "2026-04-07T11:15:08.667Z" },
    { url = "https://files.pythonhosted.org/packages/56/f4/db4dd7be0cd2f2022117ac5407d905f435d60e48baaea313a567ad27e865/rapidfuzz-3.14.5-cp313-cp313t-manylinux_2_39_riscv64.whl", hash = "sha256:440d30faaf682ca496170a7f0cc5453ec942e3e079f0fd802c9a7f938dfb50a3", size = 1442113, upload-time = "2026-04-07T11:15:11.138Z" },
    { url = "https://files.pythonhosted.org/packages/a4/99/0e9f6aa57f3e32a767216f797e56dc96b720fcecfb9d8ee907ecc82f8d66/rapidfuzz-3.14.5-cp313-cp313t-musllinux_1_2_aarch64.whl", hash = "sha256:56227a61fd3d17b0cd9793132431f3a3d07c8654be96794ba9f89fe0fc8b2d09", size = 2396618, upload-time = "2026-04-07T11:15:13.154Z" },
    { url = "https://files.pythonhosted.org/packages/60/94/44a78e39ffce17cbdd3e2b53b696acc751d5d153be0f499d052b07a4d904/rapidfuzz-3.14.5-cp313-cp313t-musllinux_1_2_riscv64.whl", hash = "sha256:2e83cd2e25bb4edd97b689d9979d9c3acccdaaf26ceac08212ceece202febcfa", size = 2478220, upload-time = "2026-04-07T11:15:15.193Z" },
    { url = "https://files.pythonhosted.org/packages/dd/df/454311469a09a507e9d784a35796742bec22e4cebe75551e2da4e0e290fd/rapidfuzz-3.14.5-cp313-cp313t-musllinux_1_2_x86_64.whl", hash = "sha256:af3b859726cd3374287e405e14b9634563c078c5531a4f62375508addebddad1", size = 4265027, upload-time = "2026-04-07T11:15:17.28Z" },
    { url = "https://files.pythonhosted.org/packages/fc/01/175465a9ab3e3b70ba669058372f009d1d49c1746e2dcd56b69df188d3a5/rapidfuzz-3.14.5-cp313-cp313t-win32.whl", hash = "sha256:8ce1d850b3c0178440efde9e884d98421b5e87ff925f364d6d79e23910d7593f", size = 1766814, upload-time = "2026-04-07T11:15:19.687Z" },
    { url = "https://files.pythonhosted.org/packages/1b/a0/a9b84a47af06ebed94a1439eb2f02adebfb8628bcd30af1fe3e02f5ef56c/rapidfuzz-3.14.5-cp313-cp313t-win_amd64.whl", hash = "sha256:c84af70bcf34e99aee894e46a0f1ac77f17d0ef828179c387407642e2466d28a", size = 1582448, upload-time = "2026-04-07T11:15:21.98Z" },
    { url = "https://files.pythonhosted.org/packages/1e/f1/5937800238b3f8248e70860d79f69ba8f73e764fff47e36bc9e2f26dbcc6/rapidfuzz-3.14.5-cp313-cp313t-win_arm64.whl", hash = "sha256:aac0ad28c686a5e72b81668b906c030ee28050b244544b8af68e12fb32543895", size = 832932, upload-time = "2026-04-07T11:15:24.358Z" },
    { url = "https://files.pythonhosted.org/packages/81/41/aa3ffb3355e62e1bf91f6599b3092e866bc88487a07c524004943c7676df/rapidfuzz-3.14.5-cp314-cp314-macosx_10_15_x86_64.whl", hash = "sha256:1a31cc6d7d03e7318a0974c038959c59e19c752b81115f2e9138b3331cd64d45", size = 1943327, upload-time = "2026-04-07T11:15:26.266Z" },
    { url = "https://files.pythonhosted.org/packages/2d/e1/c2141f1840a41e07ad2db6f724945f8f8ff3065463899a22939152dd6e09/rapidfuzz-3.14.5-cp314-cp314-macosx_11_0_arm64.whl", hash = "sha256:0298d357e2bc59d572da4db0bc631009b6f8f6c9bc8c11e99a12b833f16b6575", size = 1161755, upload-time = "2026-04-07T11:15:28.659Z" },
    { url = "https://files.pythonhosted.org/packages/ca/07/66e753eeaa353161d1d331b7dd517bb349b0bacfebe8496d7b26be26f81f/rapidfuzz-3.14.5-cp314-cp314-manylinux_2_26_aarch64.manylinux_2_28_aarch64.whl", hash = "sha256:59b3dba758661a318995655435c6ab20a04ade79fa51e75bc8dc107cac8df280", size = 1376571, upload-time = "2026-04-07T11:15:31.225Z" },
    { url = "https://files.pythonhosted.org/packages/c8/85/9535df0b78ba51f478c9ce7eb6d1f85535cc31fe356773b48fd9d3e563ca/rapidfuzz-3.14.5-cp314-cp314-manylinux_2_27_x86_64.manylinux_2_28_x86_64.whl", hash = "sha256:4900143d82071bdda533b00300c40b14b963ff826b3642cc463b6dd0f036585e", size = 3156468, upload-time = "2026-04-07T11:15:33.428Z" },
    { url = "https://files.pythonhosted.org/packages/81/ee/b667eb93bba6dc4e0de658edd778e1619dc4d6aab68fa5e5c7f075152735/rapidfuzz-3.14.5-cp314-cp314-manylinux_2_39_riscv64.whl", hash = "sha256:feedf219672eef83ea6be6f3bb093bba396a8560fc75be85ba225f082903df0a", size = 1458311, upload-time = "2026-04-07T11:15:35.557Z" },
    { url = "https://files.pythonhosted.org/packages/7d/ce/479074f5624364a48df3403c538797ef22d3ac49c19dc76c3f79fcdcc70c/rapidfuzz-3.14.5-cp314-cp314-musllinux_1_2_aarch64.whl", hash = "sha256:419e4397a36e2665ec992d8d64c20ba4b2a42500c76ecadeca78a4f19cb9cc32", size = 2398228, upload-time = "2026-04-07T11:15:37.669Z" },
    { url = "https://files.pythonhosted.org/packages/0b/15/a8982f649150fffbdcd6f17565974501f6ab33b2795267bffbd4a7ba905b/rapidfuzz-3.14.5-cp314-cp314-musllinux_1_2_riscv64.whl", hash = "sha256:97131ab2be39043054ee28d99e09efe316e6d53449b7e962dfcf3c2de8b2b246", size = 2497226, upload-time = "2026-04-07T11:15:39.857Z" },
    { url = "https://files.pythonhosted.org/packages/19/52/5267c03ef6759831b7d4625a0c9c06e87baa2fae084b61ac9c388858317b/rapidfuzz-3.14.5-cp314-cp314-musllinux_1_2_x86_64.whl", hash = "sha256:593c00dac4e30231c35bf3b4f1da8ec0998762e9e94425586a5d636fcd57f9d0", size = 4262283, upload-time = "2026-04-07T11:15:42.279Z" },
    { url = "https://files.pythonhosted.org/packages/71/c0/2579f343a97f5254c43bb5853baccc01488357dcb64a27bcb869b7888a4a/rapidfuzz-3.14.5-cp314-cp314-win32.whl", hash = "sha256:0084b687b02b4e569b46d8d6d4ad25659528e6081cd6d067ca453a69035f07e4", size = 1744614, upload-time = "2026-04-07T11:15:44.498Z" },
    { url = "https://files.pythonhosted.org/packages/17/eb/8edfed1e80119dc9c35b11df4bc701eea85622ad681fff0263b6961d3224/rapidfuzz-3.14.5-cp314-cp314-win_amd64.whl", hash = "sha256:5dfa89d78f22cd773054caff44827b846161a29f2dcf7e78b8f90d086621e502", size = 1588971, upload-time = "2026-04-07T11:15:46.86Z" },
    { url = "https://files.pythonhosted.org/packages/f6/04/5676df93c85cfa57a3045d8047318df9f3cd58c7b8a99340dd95f874795e/rapidfuzz-3.14.5-cp314-cp314-win_arm64.whl", hash = "sha256:67f3f9d2b444268ab53e47d31bab89954888d23c04c6789f2c727e51fe4b1d13", size = 834985, upload-time = "2026-04-07T11:15:49.411Z" },
    { url = "https://files.pythonhosted.org/packages/f7/0d/4a8988cea658fe335048ddef8c876addff1b6daa3c9ca8ad65a5a2196e69/rapidfuzz-3.14.5-cp314-cp314t-macosx_10_15_x86_64.whl", hash = "sha256:77eac0526899b3c3ad1454bb2b03cdb491d67358ec8ef0c9c48bd61b632b431d", size = 1972517, upload-time = "2026-04-07T11:15:51.819Z" },
    { url = "https://files.pythonhosted.org/packages/1c/a3/f5cfd9965a9d9a9e32249159797c47b5d6299ea6d1629f9126b25f1c10a3/rapidfuzz-3.14.5-cp314-cp314t-macosx_11_0_arm64.whl", hash = "sha256:b9c6bd754d11f6e78ac54e3d86b4b11dc1ba2f13e5fc958899574532897f5a99", size = 1196056, upload-time = "2026-04-07T11:15:54.292Z" },
    { url = "https://files.pythonhosted.org/packages/64/07/561c2e40cfd10e6630a7b0ac5a2a813aef50d944bcd1f3d260319d659d5b/rapidfuzz-3.14.5-cp314-cp314t-manylinux_2_26_aarch64.manylinux_2_28_aarch64.whl", hash = "sha256:738c96944d076deeaff70e92b65696ab4f7ecb8081d7791c5403a3257dfaf8ff", size = 1374732, upload-time = "2026-04-07T11:15:56.584Z" },
    { url = "https://files.pythonhosted.org/packages/c2/39/123bb94fee40e2fb3b7c49b80827c7ef42d838e18def3fc2fef5a3cf817a/rapidfuzz-3.14.5-cp314-cp314t-manylinux_2_27_x86_64.manylinux_2_28_x86_64.whl", hash = "sha256:f4c1bca487a17fe4226b4ffb2d30e799d2b274d692cffa76bd0746f56235fca3", size = 3166902, upload-time = "2026-04-07T11:15:58.768Z" },
    { url = "https://files.pythonhosted.org/packages/75/0a/45716fafc9fd2e028cf20b5ac5bc704887081cd312f84edb0e325599414b/rapidfuzz-3.14.5-cp314-cp314t-manylinux_2_39_riscv64.whl", hash = "sha256:af6a90a4ed2a48fa1a2d17e9d824e6c7c950bea5bad0b707c77fd55751e6bfef", size = 1452130, upload-time = "2026-04-07T11:16:01.453Z" },
    { url = "https://files.pythonhosted.org/packages/ca/49/4e96c413114398481c0a5b0086af32c364a18613c9a2ea578d17c4bea4ee/rapidfuzz-3.14.5-cp314-cp314t-musllinux_1_2_aarch64.whl", hash = "sha256:bf5018938208d4597b2e679a4f8cff9fd252f1df53583130ae56281a21801b64", size = 2396308, upload-time = "2026-04-07T11:16:03.588Z" },
    { url = "https://files.pythonhosted.org/packages/89/b7/49fea9fc6878d59bd259d01dd1972d9b86117992b1c66d9b16f0a65273c3/rapidfuzz-3.14.5-cp314-cp314t-musllinux_1_2_riscv64.whl", hash = "sha256:c0919d1f89ddf91129906705723118ea09754171e4116f5a5dbc667c7bc9b261", size = 2488210, upload-time = "2026-04-07T11:16:05.871Z" },
    { url = "https://files.pythonhosted.org/packages/0c/44/a1f732b93ffacbdad077b7c801149549b2938e1bece6addb5ad85ed74df8/rapidfuzz-3.14.5-cp314-cp314t-musllinux_1_2_x86_64.whl", hash = "sha256:93d8da883a35116d6813432177f35e570db5b0a5e30ecb0cbd7cb39c815735df", size = 4270621, upload-time = "2026-04-07T11:16:08.483Z" },
    { url = "https://files.pythonhosted.org/packages/bb/ce/ff942d19fce5385054650bb71a58495ddda299d94661ccc4e6e7fa44868b/rapidfuzz-3.14.5-cp314-cp314t-win32.whl", hash = "sha256:0f23e37019ec07712d58976b1ab2b889f8649a7f7c2f626a2f34ea9139e79279", size = 1803950, upload-time = "2026-04-07T11:16:10.873Z" },
    { url = "https://files.pythonhosted.org/packages/5c/0f/9aafc63f9661222b819b391c187eed29fc90ad5935f9690e5ecc2d2047a4/rapidfuzz-3.14.5-cp314-cp314t-win_amd64.whl", hash = "sha256:7d5ca9c7832e6879a707296d1463685f7c243a27846227044504741640caec66", size = 1632357, upload-time = "2026-04-07T11:16:13.1Z" },
    { url = "https://files.pythonhosted.org/packages/70/a6/51fc1b0e61e3326e1c68a61cfd0c6b3c34c843681c4b1eefbf0596f59162/rapidfuzz-3.14.5-cp314-cp314t-win_arm64.whl", hash = "sha256:3e91dcd2549b8f8d843f98ba03a17e01f3d8b72ce942adbbb6761bc58ffce813", size = 855409, upload-time = "2026-04-07T11:16:15.787Z" },
]

[[package]]
name = "ruff"
version = "0.16.5"
source = { registry = "https://pypi.org/simple" }
sdist = { url = "https://files.pythonhosted.org/packages/f3/85/c8e12473c93018f92d19dd988a294202e1c27426c47ec4de53ffb847b8d8/ruff-0.16.5.tar.gz", hash = "sha256:1b88500f9ffbcab3dedb0082c9f9492e91ec3d618aac1236a3e0189938f7040b", size = 4912003, upload-time = "2026-08-27T16:34:18.258Z" }
wheels = [
    { url = "https://files.pythonhosted.org/packages/c6/b6/77c90a970fe2dae17a723acbd011043ea97c98d7deacccefdc4ba74ec512/ruff-0.16.5-py3-none-linux_armv6l.whl", hash = "sha256:12e5f673e774c35fbb62f288809c7653b73445f8ecec6b6063fd6ea3521aa14b", size = 10011941, upload-time = "2026-08-27T16:33:41.287Z" },
    { url = "https://files.pythonhosted.org/packages/4b/46/6cf67cf6411885a1d6f7f6d801682f155536a85176d10b605e2ceffed8bd/ruff-0.16.5-py3-none-macosx_10_12_x86_64.whl", hash = "sha256:eda58a5802de40e7ed5b32b64e0b32539338cc6fcd2c78f61e3ad6a0d79f51c3", size = 10204049, upload-time = "2026-08-27T16:33:44.056Z" },
    { url = "https://files.pythonhosted.org/packages/46/fd/c8720ca7a090abf0c2fef4abe8a5ef6e5127ed15196d8886ff75a2b370e2/ruff-0.16.5-py3-none-macosx_11_0_arm64.whl", hash = "sha256:c5ae9a7b9a8875131f40f8fe967cc86abf899779efd663cb7ce3d572d01da7eb", size = 9809037, upload-time = "2026-08-27T16:33:46.257Z" },
    { url = "https://files.pythonhosted.org/packages/43/45/a684caacdedaca180f52bacccc40bf0789d2c5a7c75f25324853e9eaedb5/ruff-0.16.5-py3-none-manylinux_2_17_aarch64.manylinux2014_aarch64.whl", hash = "sha256:7b719b0a1f4d59710d283ab2965f621684a108a9e41da622e3b23f0326cd0025", size = 9964129, upload-time = "2026-08-27T16:33:48.352Z" },
    { url = "https://files.pythonhosted.org/packages/9e/f2/5d2bcdaca6b5b93d1b4dfc166cd2aebf7680143a1b38a28759df13a94d31/ruff-0.16.5-py3-none-manylinux_2_17_armv7l.manylinux2014_armv7l.whl", hash = "sha256:2298f2780ed1be0c5cb1361e32ab7b1467f3cce7dabe101d2210a314f2fe42e9", size = 9821518, upload-time = "2026-08-27T16:33:50.57Z" },
    { url = "https://files.pythonhosted.org/packages/aa/ff/011cce29accf9257d5974145b733fc653a37985ed6825413a3987cefbfe0/ruff-0.16.5-py3-none-manylinux_2_17_i686.manylinux2014_i686.whl", hash = "sha256:258f29035a2dd021e7861e631b227a5b3f14e50c1184c9a6a122c5f4576154d7", size = 10534835, upload-time = "2026-08-27T16:33:52.522Z" },
    { url = "https://files.pythonhosted.org/packages/d7/5a/f0cf109bada9bba0e96c90c21c9f9251803f57225c32d293327a03c710d6/ruff-0.16.5-py3-none-manylinux_2_17_ppc64le.manylinux2014_ppc64le.whl", hash = "sha256:b9a4f0432966834019c74d1b7e5c51224305d7713f3d7faf3e7451f1a3be3cde", size = 11252550, upload-time = "2026-08-27T16:33:54.521Z" },
    { url = "https://files.pythonhosted.org/packages/63/4d/1d481aaea2046c6a7ed7c291f9004c669cce3c087b6b376ed5b08271e3fe/ruff-0.16.5-py3-none-manylinux_2_17_s390x.manylinux2014_s390x.whl", hash = "sha256:b5eb3a8c3d0ade9cea42b591fd530368e8798380e30e0a308b85a5cf718f09ea", size = 10777949, upload-time = "2026-08-27T16:33:56.88Z" },
    { url = "https://files.pythonhosted.org/packages/ee/34/ee245ca55f64443233034b3d02b03236b19242004281247c079390b7facd/ruff-0.16.5-py3-none-manylinux_2_17_x86_64.manylinux2014_x86_64.whl", hash = "sha256:ef0f69e191a13a3c9816f63163c88790cb12cd157bbbb384e9c44745702ab105", size = 10311656, upload-time = "2026-08-27T16:33:59.12Z" },
    { url = "https://files.pythonhosted.org/packages/a7/4d/c33a333e341c0a2b96c715b52d89a606f5a34cd4ac493cd9b8d0187186b8/ruff-0.16.5-py3-none-manylinux_2_31_riscv64.whl", hash = "sha256:0eeab41fbea2c42f98dfb9822cdccda9d24ba38d49f6dc945b5c236d48f0ef29", size = 10532125, upload-time = "2026-08-27T16:34:01.166Z" },
    { url = "https://files.pythonhosted.org/packages/30/e1/a64cef78b40192497bb98a27a8aa8f2c98ee9ee15bc97f7712d94ef32937/ruff-0.16.5-py3-none-musllinux_1_2_aarch64.whl", hash = "sha256:f0768e9df4300713fff30733c87575f68b6f1d8de41184e505b7fdd9c0c95eaf", size = 10097648, upload-time = "2026-08-27T16:34:03.16Z" },
    { url = "https://files.pythonhosted.org/packages/cc/4e/4cdc9ed3c3e109d2f71e62572a37457298d7bc7501ec3138babb7ed32bbd/ruff-0.16.5-py3-none-musllinux_1_2_armv7l.whl", hash = "sha256:95cc70cdc7aa80c338de356279d2adbeb2de0f520b9ecd8aba75b94e95e02f91", size = 9829344, upload-time = "2026-08-27T16:34:05.134Z" },
    { url = "https://files.pythonhosted.org/packages/39/4a/31ed35ce31729955fc583ee0d176d6e784c1290cb0b0a75cb2134c1ab72a/ruff-0.16.5-py3-none-musllinux_1_2_i686.whl", hash = "sha256:d185c8398ded1bfd91c0c2cb258346307571eccc473a8490af8c3977399c384a", size = 10277117, upload-time = "2026-08-27T16:34:07.425Z" },
    { url = "https://files.pythonhosted.org/packages/a8/a0/60356d86687b4b666d593df213f4dc3041750d024cb7bf2cfa81cfd65c2e/ruff-0.16.5-py3-none-musllinux_1_2_x86_64.whl", hash = "sha256:fb8e3a3c4c6a784150a7ced53b015f4b253fc2bf97a610886419ead64b4756ef", size = 10711653, upload-time = "2026-08-27T16:34:09.712Z" },
    { url = "https://files.pythonhosted.org/packages/ed/20/656d67f5b25ca9bda4e02b1de25867b2954e1d19e03648060f167ad0f4cc/ruff-0.16.5-py3-none-win32.whl", hash = "sha256:288b0a5f080492fe5635db849f9e2e84aa3cce7b7f0e955997d416c507c76a26", size = 10034250, upload-time = "2026-08-27T16:34:11.8Z" },
    { url = "https://files.pythonhosted.org/packages/5b/42/ee8e68a207b9127fcde6c3d7e197def432f346cb1af159e1fa14ca0d1cdc/ruff-0.16.5-py3-none-win_amd64.whl", hash = "sha256:ddc6385fb2137f616357ca03d6c74f4be987f80fed4008566b754f6032b8546f", size = 10516714, upload-time = "2026-08-27T16:34:13.963Z" },
    { url = "https://files.pythonhosted.org/packages/73/e3/7df5a396e445b9ba49ce9a9437439a4d80042c61c0ade199abf8d16de1ac/ruff-0.16.5-py3-none-win_arm64.whl", hash = "sha256:a64abe90968719b851bb7cedffaa8753fbdbdadab483089682db623f3edc587e", size = 10391564, upload-time = "2026-08-27T16:34:16.064Z" },
]

[[package]]
name = "typing-extensions"
version = "4.16.0"
source = { registry = "https://pypi.org/simple" }
sdist = { url = "https://files.pythonhosted.org/packages/f6/cc/6253133b5bb138fc3306cebfbda2c520f545d36b5be2c7255cc528bb45d6/typing_extensions-4.16.0.tar.gz", hash = "sha256:dc983d19a509c94dba722ee6abd33940f7c05a89e243c47e907eb4db6f1a43e5", size = 113555, upload-time = "2026-07-02T08:40:05.92Z" }
wheels = [
    { url = "https://files.pythonhosted.org/packages/49/d3/b8441a820a491ddfc024b0b0cf0393375b75ea13866d9c66727e54c2fc80/typing_extensions-4.16.0-py3-none-any.whl", hash = "sha256:481caa481374e813c1b176ada14e97f1f67a4539ce9cfeb3f350d78d6370c2e8", size = 45571, upload-time = "2026-07-02T08:40:04.659Z" },
]
